
Microsoft Visual Studio Solution File, Format Version 12.00
# Visual Studio 14
VisualStudioVersion = 14.0.25420.1
MinimumVisualStudioVersion = 10.0.40219.1
Project("{2150E333-8FDC-42A3-9474-1A3956D46DE8}") = "src", "src", "{3D3BE1AD-F551-420A-A81D-4CB88286C8CD}"
EndProject
Project("{2150E333-8FDC-42A3-9474-1A3956D46DE8}") = "Solution Items", "Solution Items", "{B5380A3E-7532-46C4-A510-694D2612B71F}"
	ProjectSection(SolutionItems) = preProject
		global.json = global.json
		LICENSE = LICENSE
		README.md = README.md
	EndProjectSection
EndProject
Project("{8BB2217D-0F2D-49D1-97BC-3654ED321F3B}") = "DnsClient", "src\DnsClient\DnsClient.xproj", "{C38FAD50-99CD-42AB-AA9F-6E3F5FB89EEB}"
EndProject
Project("{8BB2217D-0F2D-49D1-97BC-3654ED321F3B}") = "Dig", "samples\MiniDig\Dig.xproj", "{CEC9D7AD-8000-4FC6-8EB3-AC1417B9808A}"
EndProject
Project("{2150E333-8FDC-42A3-9474-1A3956D46DE8}") = "samples", "samples", "{A1BE93CF-0106-495B-9720-008046657391}"
EndProject
Global
	GlobalSection(SolutionConfigurationPlatforms) = preSolution
		Debug|Any CPU = Debug|Any CPU
		Release|Any CPU = Release|Any CPU
	EndGlobalSection
	GlobalSection(ProjectConfigurationPlatforms) = postSolution
		{C38FAD50-99CD-42AB-AA9F-6E3F5FB89EEB}.Debug|Any CPU.ActiveCfg = Debug|Any CPU
		{C38FAD50-99CD-42AB-AA9F-6E3F5FB89EEB}.Debug|Any CPU.Build.0 = Debug|Any CPU
		{C38FAD50-99CD-42AB-AA9F-6E3F5FB89EEB}.Release|Any CPU.ActiveCfg = Release|Any CPU
		{C38FAD50-99CD-42AB-AA9F-6E3F5FB89EEB}.Release|Any CPU.Build.0 = Release|Any CPU
		{CEC9D7AD-8000-4FC6-8EB3-AC1417B9808A}.Debug|Any CPU.ActiveCfg = Debug|Any CPU
		{CEC9D7AD-8000-4FC6-8EB3-AC1417B9808A}.Debug|Any CPU.Build.0 = Debug|Any CPU
		{CEC9D7AD-8000-4FC6-8EB3-AC1417B9808A}.Release|Any CPU.ActiveCfg = Release|Any CPU
		{CEC9D7AD-8000-4FC6-8EB3-AC1417B9808A}.Release|Any CPU.Build.0 = Release|Any CPU
	EndGlobalSection
	GlobalSection(SolutionProperties) = preSolution
		HideSolutionNode = FALSE
	EndGlobalSection
	GlobalSection(NestedProjects) = preSolution
		{C38FAD50-99CD-42AB-AA9F-6E3F5FB89EEB} = {3D3BE1AD-F551-420A-A81D-4CB88286C8CD}
		{CEC9D7AD-8000-4FC6-8EB3-AC1417B9808A} = {A1BE93CF-0106-495B-9720-008046657391}
	EndGlobalSection
EndGlobal
