
Microsoft Visual Studio Solution File, Format Version 12.00
# Visual Studio 15
VisualStudioVersion = 15.0.26403.7
MinimumVisualStudioVersion = 10.0.40219.1
Project("{2150E333-8FDC-42A3-9474-1A3956D46DE8}") = "src", "src", "{3D3BE1AD-F551-420A-A81D-4CB88286C8CD}"
EndProject
Project("{2150E333-8FDC-42A3-9474-1A3956D46DE8}") = "Solution Items", "Solution Items", "{B5380A3E-7532-46C4-A510-694D2612B71F}"
	ProjectSection(SolutionItems) = preProject
		.gitignore = .gitignore
		appveyor.yml = appveyor.yml
		tools\browserstack-logo.svg = tools\browserstack-logo.svg
		build.cmd = build.cmd
		build.ps1 = build.ps1
		build.sh = build.sh
		LICENSE = LICENSE
		Performance1.psess = Performance1.psess
		README.md = README.md
	EndProjectSection
EndProject
Project("{2150E333-8FDC-42A3-9474-1A3956D46DE8}") = "samples", "samples", "{A1BE93CF-0106-495B-9720-008046657391}"
EndProject
Project("{2150E333-8FDC-42A3-9474-1A3956D46DE8}") = "test", "test", "{34E43CED-3DF4-49CE-8556-69225ABD84E6}"
EndProject
Project("{9A19103F-16F7-4668-BE54-9A1E7A4F7556}") = "MiniDig", "samples\MiniDig\MiniDig.csproj", "{CEC9D7AD-8000-4FC6-8EB3-AC1417B9808A}"
EndProject
Project("{9A19103F-16F7-4668-BE54-9A1E7A4F7556}") = "DnsClient.Tests", "test\DnsClient.Tests\DnsClient.Tests.csproj", "{01902674-53A3-4E81-B08F-CFAA7CA62F56}"
EndProject
Project("{9A19103F-16F7-4668-BE54-9A1E7A4F7556}") = "ApiDesign", "test\ApiDesign\ApiDesign.csproj", "{2F789CAA-31E5-4394-96B9-1B06A1AA5EA0}"
EndProject
Project("{9A19103F-16F7-4668-BE54-9A1E7A4F7556}") = "DnsClient", "src\DnsClient\DnsClient.csproj", "{493E6161-7F71-4A59-AB28-B4A5E45A5E27}"
EndProject
Project("{9A19103F-16F7-4668-BE54-9A1E7A4F7556}") = "WebApi", "test\WebApi\WebApi.csproj", "{512A1DA0-B959-4EC7-A707-0A40598AB0AF}"
EndProject
Project("{9A19103F-16F7-4668-BE54-9A1E7A4F7556}") = "Benchmarks", "test\Benchmarks\Benchmarks.csproj", "{7461E2C7-008E-4E61-ABC3-AF85DE37084B}"
EndProject
Project("{2150E333-8FDC-42A3-9474-1A3956D46DE8}") = "Documentation", "Documentation", "{5352F4A6-D88E-43E8-B0D1-E90CBB162613}"
	ProjectSection(SolutionItems) = preProject
		Documentation\build.cmd = Documentation\build.cmd
		Documentation\docfx.json = Documentation\docfx.json
		Documentation\GetMsdn.cmd = Documentation\GetMsdn.cmd
		Documentation\index.md = Documentation\index.md
		Documentation\toc.yml = Documentation\toc.yml
	EndProjectSection
EndProject
Global
	GlobalSection(SolutionConfigurationPlatforms) = preSolution
		Debug|Any CPU = Debug|Any CPU
		Release|Any CPU = Release|Any CPU
	EndGlobalSection
	GlobalSection(ProjectConfigurationPlatforms) = postSolution
		{CEC9D7AD-8000-4FC6-8EB3-AC1417B9808A}.Debug|Any CPU.ActiveCfg = Debug|Any CPU
		{CEC9D7AD-8000-4FC6-8EB3-AC1417B9808A}.Debug|Any CPU.Build.0 = Debug|Any CPU
		{CEC9D7AD-8000-4FC6-8EB3-AC1417B9808A}.Release|Any CPU.ActiveCfg = Release|Any CPU
		{CEC9D7AD-8000-4FC6-8EB3-AC1417B9808A}.Release|Any CPU.Build.0 = Release|Any CPU
		{01902674-53A3-4E81-B08F-CFAA7CA62F56}.Debug|Any CPU.ActiveCfg = Debug|Any CPU
		{01902674-53A3-4E81-B08F-CFAA7CA62F56}.Debug|Any CPU.Build.0 = Debug|Any CPU
		{01902674-53A3-4E81-B08F-CFAA7CA62F56}.Release|Any CPU.ActiveCfg = Release|Any CPU
		{01902674-53A3-4E81-B08F-CFAA7CA62F56}.Release|Any CPU.Build.0 = Release|Any CPU
		{2F789CAA-31E5-4394-96B9-1B06A1AA5EA0}.Debug|Any CPU.ActiveCfg = Debug|Any CPU
		{2F789CAA-31E5-4394-96B9-1B06A1AA5EA0}.Debug|Any CPU.Build.0 = Debug|Any CPU
		{2F789CAA-31E5-4394-96B9-1B06A1AA5EA0}.Release|Any CPU.ActiveCfg = Release|Any CPU
		{2F789CAA-31E5-4394-96B9-1B06A1AA5EA0}.Release|Any CPU.Build.0 = Release|Any CPU
		{493E6161-7F71-4A59-AB28-B4A5E45A5E27}.Debug|Any CPU.ActiveCfg = Debug|Any CPU
		{493E6161-7F71-4A59-AB28-B4A5E45A5E27}.Debug|Any CPU.Build.0 = Debug|Any CPU
		{493E6161-7F71-4A59-AB28-B4A5E45A5E27}.Release|Any CPU.ActiveCfg = Release|Any CPU
		{493E6161-7F71-4A59-AB28-B4A5E45A5E27}.Release|Any CPU.Build.0 = Release|Any CPU
		{512A1DA0-B959-4EC7-A707-0A40598AB0AF}.Debug|Any CPU.ActiveCfg = Debug|Any CPU
		{512A1DA0-B959-4EC7-A707-0A40598AB0AF}.Debug|Any CPU.Build.0 = Debug|Any CPU
		{512A1DA0-B959-4EC7-A707-0A40598AB0AF}.Release|Any CPU.ActiveCfg = Release|Any CPU
		{512A1DA0-B959-4EC7-A707-0A40598AB0AF}.Release|Any CPU.Build.0 = Release|Any CPU
		{7461E2C7-008E-4E61-ABC3-AF85DE37084B}.Debug|Any CPU.ActiveCfg = Debug|Any CPU
		{7461E2C7-008E-4E61-ABC3-AF85DE37084B}.Debug|Any CPU.Build.0 = Debug|Any CPU
		{7461E2C7-008E-4E61-ABC3-AF85DE37084B}.Release|Any CPU.ActiveCfg = Release|Any CPU
		{7461E2C7-008E-4E61-ABC3-AF85DE37084B}.Release|Any CPU.Build.0 = Release|Any CPU
	EndGlobalSection
	GlobalSection(SolutionProperties) = preSolution
		HideSolutionNode = FALSE
	EndGlobalSection
	GlobalSection(NestedProjects) = preSolution
		{CEC9D7AD-8000-4FC6-8EB3-AC1417B9808A} = {A1BE93CF-0106-495B-9720-008046657391}
		{01902674-53A3-4E81-B08F-CFAA7CA62F56} = {34E43CED-3DF4-49CE-8556-69225ABD84E6}
		{2F789CAA-31E5-4394-96B9-1B06A1AA5EA0} = {34E43CED-3DF4-49CE-8556-69225ABD84E6}
		{493E6161-7F71-4A59-AB28-B4A5E45A5E27} = {3D3BE1AD-F551-420A-A81D-4CB88286C8CD}
		{512A1DA0-B959-4EC7-A707-0A40598AB0AF} = {34E43CED-3DF4-49CE-8556-69225ABD84E6}
		{7461E2C7-008E-4E61-ABC3-AF85DE37084B} = {34E43CED-3DF4-49CE-8556-69225ABD84E6}
	EndGlobalSection
EndGlobal
